
Microsoft Visual Studio Solution File, Format Version 11.00
# Visual Studio 2010
Project("{FAE04EC0-301F-11D3-BF4B-00C04F79EFBC}") = "ScriptLab", "ScriptLab\ScriptLab.csproj", "{13154F93-F0E2-4A2D-BCAF-3A3E4CD44A60}"
EndProject
Global
	GlobalSection(SolutionConfigurationPlatforms) = preSolution
		Custom|Any CPU = Custom|Any CPU
		Custom|x64 = Custom|x64
		Debug|Any CPU = Debug|Any CPU
		Debug|x64 = Debug|x64
		Release|Any CPU = Release|Any CPU
		Release|x64 = Release|x64
	EndGlobalSection
	GlobalSection(ProjectConfigurationPlatforms) = postSolution
		{13154F93-F0E2-4A2D-BCAF-3A3E4CD44A60}.Custom|Any CPU.ActiveCfg = Custom|Any CPU
		{13154F93-F0E2-4A2D-BCAF-3A3E4CD44A60}.Custom|Any CPU.Build.0 = Custom|Any CPU
		{13154F93-F0E2-4A2D-BCAF-3A3E4CD44A60}.Custom|x64.ActiveCfg = Custom|x64
		{13154F93-F0E2-4A2D-BCAF-3A3E4CD44A60}.Custom|x64.Build.0 = Custom|x64
		{13154F93-F0E2-4A2D-BCAF-3A3E4CD44A60}.Debug|Any CPU.ActiveCfg = Debug|Any CPU
		{13154F93-F0E2-4A2D-BCAF-3A3E4CD44A60}.Debug|Any CPU.Build.0 = Debug|Any CPU
		{13154F93-F0E2-4A2D-BCAF-3A3E4CD44A60}.Debug|x64.ActiveCfg = Debug|x64
		{13154F93-F0E2-4A2D-BCAF-3A3E4CD44A60}.Debug|x64.Build.0 = Debug|x64
		{13154F93-F0E2-4A2D-BCAF-3A3E4CD44A60}.Release|Any CPU.ActiveCfg = Release|Any CPU
		{13154F93-F0E2-4A2D-BCAF-3A3E4CD44A60}.Release|Any CPU.Build.0 = Release|Any CPU
		{13154F93-F0E2-4A2D-BCAF-3A3E4CD44A60}.Release|x64.ActiveCfg = Release|x64
		{13154F93-F0E2-4A2D-BCAF-3A3E4CD44A60}.Release|x64.Build.0 = Release|x64
	EndGlobalSection
	GlobalSection(SolutionProperties) = preSolution
		HideSolutionNode = FALSE
	EndGlobalSection
EndGlobal
